
Microsoft Visual Studio Solution File, Format Version 12.00
# Visual Studio Version 17
VisualStudioVersion = 17.1.32407.343
MinimumVisualStudioVersion = 10.0.40219.1
Project("{FAE04EC0-301F-11D3-BF4B-00C04F79EFBC}") = "Get a cat", "Get a cat\Get a cat.csproj", "{1A0B5F57-8E96-4BC6-BADA-F9D011A127B1}"
EndProject
Global
	GlobalSection(SolutionConfigurationPlatforms) = preSolution
		Debug|Any CPU = Debug|Any CPU
		Release|Any CPU = Release|Any CPU
	EndGlobalSection
	GlobalSection(ProjectConfigurationPlatforms) = postSolution
		{1A0B5F57-8E96-4BC6-BADA-F9D011A127B1}.Debug|Any CPU.ActiveCfg = Debug|Any CPU
		{1A0B5F57-8E96-4BC6-BADA-F9D011A127B1}.Debug|Any CPU.Build.0 = Debug|Any CPU
		{1A0B5F57-8E96-4BC6-BADA-F9D011A127B1}.Release|Any CPU.ActiveCfg = Release|Any CPU
		{1A0B5F57-8E96-4BC6-BADA-F9D011A127B1}.Release|Any CPU.Build.0 = Release|Any CPU
	EndGlobalSection
	GlobalSection(SolutionProperties) = preSolution
		HideSolutionNode = FALSE
	EndGlobalSection
	GlobalSection(ExtensibilityGlobals) = postSolution
		SolutionGuid = {B61FFC47-B03C-4896-AFDE-88387E8A4301}
	EndGlobalSection
EndGlobal
